
Microsoft Visual Studio Solution File, Format Version 9.00
# Visual Studio 2005
Project("{8BC9CEB8-8B4A-11D0-8D11-00A0C91BC942}") = "PhreeqcCOM", "PhreeqcCOM.vcproj", "{0C4F08B7-1757-4858-95E5-AA85A24BA6A6}"
EndProject
Project("{8BC9CEB8-8B4A-11D0-8D11-00A0C91BC942}") = "PhreeqcCOMPS", "PhreeqcCOMPS.vcproj", "{03D8A390-33E3-46F2-9A71-EBDFF1FE2BF1}"
	ProjectSection(ProjectDependencies) = postProject
		{0C4F08B7-1757-4858-95E5-AA85A24BA6A6} = {0C4F08B7-1757-4858-95E5-AA85A24BA6A6}
	EndProjectSection
EndProject
Project("{930C7802-8A8C-48F9-8165-68863BCCD9DD}") = "msi", "msi\msi.wixproj", "{E642F302-A221-467C-8B7A-899AC09FF03D}"
	ProjectSection(ProjectDependencies) = postProject
		{03D8A390-33E3-46F2-9A71-EBDFF1FE2BF1} = {03D8A390-33E3-46F2-9A71-EBDFF1FE2BF1}
		{0C4F08B7-1757-4858-95E5-AA85A24BA6A6} = {0C4F08B7-1757-4858-95E5-AA85A24BA6A6}
	EndProjectSection
EndProject
Global
	GlobalSection(SolutionConfigurationPlatforms) = preSolution
		Debug|Mixed Platforms = Debug|Mixed Platforms
		Debug|Win32 = Debug|Win32
		Debug|x86 = Debug|x86
		Release|Mixed Platforms = Release|Mixed Platforms
		Release|Win32 = Release|Win32
		Release|x86 = Release|x86
	EndGlobalSection
	GlobalSection(ProjectConfigurationPlatforms) = postSolution
		{0C4F08B7-1757-4858-95E5-AA85A24BA6A6}.Debug|Mixed Platforms.ActiveCfg = Debug|Win32
		{0C4F08B7-1757-4858-95E5-AA85A24BA6A6}.Debug|Mixed Platforms.Build.0 = Debug|Win32
		{0C4F08B7-1757-4858-95E5-AA85A24BA6A6}.Debug|Win32.ActiveCfg = Debug|Win32
		{0C4F08B7-1757-4858-95E5-AA85A24BA6A6}.Debug|Win32.Build.0 = Debug|Win32
		{0C4F08B7-1757-4858-95E5-AA85A24BA6A6}.Debug|x86.ActiveCfg = Debug|Win32
		{0C4F08B7-1757-4858-95E5-AA85A24BA6A6}.Release|Mixed Platforms.ActiveCfg = Release|Win32
		{0C4F08B7-1757-4858-95E5-AA85A24BA6A6}.Release|Mixed Platforms.Build.0 = Release|Win32
		{0C4F08B7-1757-4858-95E5-AA85A24BA6A6}.Release|Win32.ActiveCfg = Release|Win32
		{0C4F08B7-1757-4858-95E5-AA85A24BA6A6}.Release|Win32.Build.0 = Release|Win32
		{0C4F08B7-1757-4858-95E5-AA85A24BA6A6}.Release|x86.ActiveCfg = Release|Win32
		{03D8A390-33E3-46F2-9A71-EBDFF1FE2BF1}.Debug|Mixed Platforms.ActiveCfg = Debug|Win32
		{03D8A390-33E3-46F2-9A71-EBDFF1FE2BF1}.Debug|Mixed Platforms.Build.0 = Debug|Win32
		{03D8A390-33E3-46F2-9A71-EBDFF1FE2BF1}.Debug|Win32.ActiveCfg = Debug|Win32
		{03D8A390-33E3-46F2-9A71-EBDFF1FE2BF1}.Debug|Win32.Build.0 = Debug|Win32
		{03D8A390-33E3-46F2-9A71-EBDFF1FE2BF1}.Debug|x86.ActiveCfg = Debug|Win32
		{03D8A390-33E3-46F2-9A71-EBDFF1FE2BF1}.Release|Mixed Platforms.ActiveCfg = Release|Win32
		{03D8A390-33E3-46F2-9A71-EBDFF1FE2BF1}.Release|Mixed Platforms.Build.0 = Release|Win32
		{03D8A390-33E3-46F2-9A71-EBDFF1FE2BF1}.Release|Win32.ActiveCfg = Release|Win32
		{03D8A390-33E3-46F2-9A71-EBDFF1FE2BF1}.Release|x86.ActiveCfg = Release|Win32
		{E642F302-A221-467C-8B7A-899AC09FF03D}.Debug|Mixed Platforms.ActiveCfg = Debug|x86
		{E642F302-A221-467C-8B7A-899AC09FF03D}.Debug|Mixed Platforms.Build.0 = Debug|x86
		{E642F302-A221-467C-8B7A-899AC09FF03D}.Debug|Win32.ActiveCfg = Debug|x86
		{E642F302-A221-467C-8B7A-899AC09FF03D}.Debug|x86.ActiveCfg = Debug|x86
		{E642F302-A221-467C-8B7A-899AC09FF03D}.Debug|x86.Build.0 = Debug|x86
		{E642F302-A221-467C-8B7A-899AC09FF03D}.Release|Mixed Platforms.ActiveCfg = Release|x86
		{E642F302-A221-467C-8B7A-899AC09FF03D}.Release|Mixed Platforms.Build.0 = Release|x86
		{E642F302-A221-467C-8B7A-899AC09FF03D}.Release|Win32.ActiveCfg = Release|x86
		{E642F302-A221-467C-8B7A-899AC09FF03D}.Release|x86.ActiveCfg = Release|x86
		{E642F302-A221-467C-8B7A-899AC09FF03D}.Release|x86.Build.0 = Release|x86
	EndGlobalSection
	GlobalSection(SolutionProperties) = preSolution
		HideSolutionNode = FALSE
	EndGlobalSection
EndGlobal
