<?xml version="1.0" encoding="utf-8"?>
<Project ToolsVersion="4.0" xmlns="http://schemas.microsoft.com/developer/msbuild/2003">
  <ItemGroup>
    <Filter Include="Source Files">
      <UniqueIdentifier>{4FC737F1-C7A5-4376-A066-2A32D752A2FF}</UniqueIdentifier>
      <Extensions>cpp;c;cc;cxx;def;odl;idl;hpj;bat;asm;asmx</Extensions>
    </Filter>
    <Filter Include="Source Files\IPhreeqc">
      <UniqueIdentifier>{b41cd515-0382-4ae8-bde4-5ebf279cfd78}</UniqueIdentifier>
    </Filter>
    <Filter Include="Source Files\IPhreeqc\phreeqcpp">
      <UniqueIdentifier>{925e414b-e1ea-47f2-8d38-7018a0b8df2a}</UniqueIdentifier>
    </Filter>
    <Filter Include="Source Files\IPhreeqc\phreeqcpp\phreeqc">
      <UniqueIdentifier>{c25e5288-d9d6-49ce-8c96-14c0aef7b426}</UniqueIdentifier>
    </Filter>
    <Filter Include="Header Files">
      <UniqueIdentifier>{93995380-89BD-4b04-88EB-625FBE52EBFB}</UniqueIdentifier>
      <Extensions>h;hpp;hxx;hm;inl;inc;xsd</Extensions>
    </Filter>
    <Filter Include="Resource Files">
      <UniqueIdentifier>{67DA6AB6-F800-4c08-8B7A-83BB121AAD01}</UniqueIdentifier>
      <Extensions>rc;ico;cur;bmp;dlg;rc2;rct;bin;rgs;gif;jpg;jpeg;jpe;resx;tiff;tif;png;wav</Extensions>
    </Filter>
    <Filter Include="Generated Files">
      <UniqueIdentifier>{fc5d44d4-f918-4cd5-b205-a33c8c7d8f58}</UniqueIdentifier>
      <SourceControlFiles>False</SourceControlFiles>
    </Filter>
    <Filter Include="Examples">
      <UniqueIdentifier>{f3a1a063-3aab-4831-aa9b-b6a9f30268fc}</UniqueIdentifier>
      <Extensions>js;vbs</Extensions>
    </Filter>
    <Filter Include="Html">
      <UniqueIdentifier>{ec4b14a5-1cd7-4986-9e2f-96735654ce3e}</UniqueIdentifier>
      <Extensions>htm</Extensions>
    </Filter>
    <Filter Include="Links">
      <UniqueIdentifier>{f7139a2e-c7db-44c7-8aa5-10611ce56063}</UniqueIdentifier>
    </Filter>
  </ItemGroup>
  <ItemGroup>
    <ClCompile Include="COM.cpp">
      <Filter>Source Files</Filter>
    </ClCompile>
    <ClCompile Include="IPhreeqcCOM.cpp">
      <Filter>Source Files</Filter>
    </ClCompile>
    <ClCompile Include="stdafx.cpp">
      <Filter>Source Files</Filter>
    </ClCompile>
    <ClCompile Include="IPhreeqc\fwrap.cpp">
      <Filter>Source Files\IPhreeqc</Filter>
    </ClCompile>
    <ClCompile Include="IPhreeqc\fwrap2.cpp">
      <Filter>Source Files\IPhreeqc</Filter>
    </ClCompile>
    <ClCompile Include="IPhreeqc\fwrap3.cpp">
      <Filter>Source Files\IPhreeqc</Filter>
    </ClCompile>
    <ClCompile Include="IPhreeqc\IPhreeqc.cpp">
      <Filter>Source Files\IPhreeqc</Filter>
    </ClCompile>
    <ClCompile Include="IPhreeqc\pp_sys.cpp">
      <Filter>Source Files\IPhreeqc</Filter>
    </ClCompile>
    <ClCompile Include="IPhreeqc\SelectedOutput.cpp">
      <Filter>Source Files\IPhreeqc</Filter>
    </ClCompile>
    <ClCompile Include="IPhreeqc\Var.c">
      <Filter>Source Files\IPhreeqc</Filter>
    </ClCompile>
    <ClCompile Include="IPhreeqc\phreeqcpp\class_main.cpp">
      <Filter>Source Files\IPhreeqc\phreeqcpp</Filter>
    </ClCompile>
    <ClCompile Include="IPhreeqc\phreeqcpp\cxxKinetics.cxx">
      <Filter>Source Files\IPhreeqc\phreeqcpp</Filter>
    </ClCompile>
    <ClCompile Include="IPhreeqc\phreeqcpp\cxxMix.cxx">
      <Filter>Source Files\IPhreeqc\phreeqcpp</Filter>
    </ClCompile>
    <ClCompile Include="IPhreeqc\phreeqcpp\Dictionary.cxx">
      <Filter>Source Files\IPhreeqc\phreeqcpp</Filter>
    </ClCompile>
    <ClCompile Include="IPhreeqc\phreeqcpp\dumper.cpp">
      <Filter>Source Files\IPhreeqc\phreeqcpp</Filter>
    </ClCompile>
    <ClCompile Include="IPhreeqc\phreeqcpp\Exchange.cxx">
      <Filter>Source Files\IPhreeqc\phreeqcpp</Filter>
    </ClCompile>
    <ClCompile Include="IPhreeqc\phreeqcpp\ExchComp.cxx">
      <Filter>Source Files\IPhreeqc\phreeqcpp</Filter>
    </ClCompile>
    <ClCompile Include="IPhreeqc\phreeqcpp\GasComp.cxx">
      <Filter>Source Files\IPhreeqc\phreeqcpp</Filter>
    </ClCompile>
    <ClCompile Include="IPhreeqc\phreeqcpp\GasPhase.cxx">
      <Filter>Source Files\IPhreeqc\phreeqcpp</Filter>
    </ClCompile>
    <ClCompile Include="IPhreeqc\phreeqcpp\ISolution.cxx">
      <Filter>Source Files\IPhreeqc\phreeqcpp</Filter>
    </ClCompile>
    <ClCompile Include="IPhreeqc\phreeqcpp\ISolutionComp.cxx">
      <Filter>Source Files\IPhreeqc\phreeqcpp</Filter>
    </ClCompile>
    <ClCompile Include="IPhreeqc\phreeqcpp\Keywords.cpp">
      <Filter>Source Files\IPhreeqc\phreeqcpp</Filter>
    </ClCompile>
    <ClCompile Include="IPhreeqc\phreeqcpp\KineticsComp.cxx">
      <Filter>Source Files\IPhreeqc\phreeqcpp</Filter>
    </ClCompile>
    <ClCompile Include="IPhreeqc\phreeqcpp\NameDouble.cxx">
      <Filter>Source Files\IPhreeqc\phreeqcpp</Filter>
    </ClCompile>
    <ClCompile Include="IPhreeqc\phreeqcpp\NumKeyword.cxx">
      <Filter>Source Files\IPhreeqc\phreeqcpp</Filter>
    </ClCompile>
    <ClCompile Include="IPhreeqc\phreeqcpp\Parser.cxx">
      <Filter>Source Files\IPhreeqc\phreeqcpp</Filter>
    </ClCompile>
    <ClCompile Include="IPhreeqc\phreeqcpp\PBasic.cpp">
      <Filter>Source Files\IPhreeqc\phreeqcpp</Filter>
    </ClCompile>
    <ClCompile Include="IPhreeqc\phreeqcpp\Phreeqc.cpp">
      <Filter>Source Files\IPhreeqc\phreeqcpp</Filter>
    </ClCompile>
    <ClCompile Include="IPhreeqc\phreeqcpp\PHRQ_base.cxx">
      <Filter>Source Files\IPhreeqc\phreeqcpp</Filter>
    </ClCompile>
    <ClCompile Include="IPhreeqc\phreeqcpp\PHRQ_io.cpp">
      <Filter>Source Files\IPhreeqc\phreeqcpp</Filter>
    </ClCompile>
    <ClCompile Include="IPhreeqc\phreeqcpp\PPassemblage.cxx">
      <Filter>Source Files\IPhreeqc\phreeqcpp</Filter>
    </ClCompile>
    <ClCompile Include="IPhreeqc\phreeqcpp\PPassemblageComp.cxx">
      <Filter>Source Files\IPhreeqc\phreeqcpp</Filter>
    </ClCompile>
    <ClCompile Include="IPhreeqc\phreeqcpp\Pressure.cxx">
      <Filter>Source Files\IPhreeqc\phreeqcpp</Filter>
    </ClCompile>
    <ClCompile Include="IPhreeqc\phreeqcpp\Reaction.cxx">
      <Filter>Source Files\IPhreeqc\phreeqcpp</Filter>
    </ClCompile>
    <ClCompile Include="IPhreeqc\phreeqcpp\ReadClass.cxx">
      <Filter>Source Files\IPhreeqc\phreeqcpp</Filter>
    </ClCompile>
    <ClCompile Include="IPhreeqc\phreeqcpp\runner.cpp">
      <Filter>Source Files\IPhreeqc\phreeqcpp</Filter>
    </ClCompile>
    <ClCompile Include="IPhreeqc\phreeqcpp\SAXPhreeqc.cxx">
      <Filter>Source Files\IPhreeqc\phreeqcpp</Filter>
    </ClCompile>
    <ClCompile Include="IPhreeqc\phreeqcpp\Solution.cxx">
      <Filter>Source Files\IPhreeqc\phreeqcpp</Filter>
    </ClCompile>
    <ClCompile Include="IPhreeqc\phreeqcpp\SolutionIsotope.cxx">
      <Filter>Source Files\IPhreeqc\phreeqcpp</Filter>
    </ClCompile>
    <ClCompile Include="IPhreeqc\phreeqcpp\SolutionIsotopeList.cxx">
      <Filter>Source Files\IPhreeqc\phreeqcpp</Filter>
    </ClCompile>
    <ClCompile Include="IPhreeqc\phreeqcpp\SS.cxx">
      <Filter>Source Files\IPhreeqc\phreeqcpp</Filter>
    </ClCompile>
    <ClCompile Include="IPhreeqc\phreeqcpp\SSassemblage.cxx">
      <Filter>Source Files\IPhreeqc\phreeqcpp</Filter>
    </ClCompile>
    <ClCompile Include="IPhreeqc\phreeqcpp\SScomp.cxx">
      <Filter>Source Files\IPhreeqc\phreeqcpp</Filter>
    </ClCompile>
    <ClCompile Include="IPhreeqc\phreeqcpp\StorageBin.cxx">
      <Filter>Source Files\IPhreeqc\phreeqcpp</Filter>
    </ClCompile>
    <ClCompile Include="IPhreeqc\phreeqcpp\StorageBinList.cpp">
      <Filter>Source Files\IPhreeqc\phreeqcpp</Filter>
    </ClCompile>
    <ClCompile Include="IPhreeqc\phreeqcpp\Surface.cxx">
      <Filter>Source Files\IPhreeqc\phreeqcpp</Filter>
    </ClCompile>
    <ClCompile Include="IPhreeqc\phreeqcpp\SurfaceCharge.cxx">
      <Filter>Source Files\IPhreeqc\phreeqcpp</Filter>
    </ClCompile>
    <ClCompile Include="IPhreeqc\phreeqcpp\SurfaceComp.cxx">
      <Filter>Source Files\IPhreeqc\phreeqcpp</Filter>
    </ClCompile>
    <ClCompile Include="IPhreeqc\phreeqcpp\System.cxx">
      <Filter>Source Files\IPhreeqc\phreeqcpp</Filter>
    </ClCompile>
    <ClCompile Include="IPhreeqc\phreeqcpp\Temperature.cxx">
      <Filter>Source Files\IPhreeqc\phreeqcpp</Filter>
    </ClCompile>
    <ClCompile Include="IPhreeqc\phreeqcpp\Use.cpp">
      <Filter>Source Files\IPhreeqc\phreeqcpp</Filter>
    </ClCompile>
    <ClCompile Include="IPhreeqc\phreeqcpp\Utils.cxx">
      <Filter>Source Files\IPhreeqc\phreeqcpp</Filter>
    </ClCompile>
    <ClCompile Include="IPhreeqc\phreeqcpp\phreeqc\advection.cpp">
      <Filter>Source Files\IPhreeqc\phreeqcpp\phreeqc</Filter>
    </ClCompile>
    <ClCompile Include="IPhreeqc\phreeqcpp\phreeqc\basicsubs.cpp">
      <Filter>Source Files\IPhreeqc\phreeqcpp\phreeqc</Filter>
    </ClCompile>
    <ClCompile Include="IPhreeqc\phreeqcpp\phreeqc\cl1.cpp">
      <Filter>Source Files\IPhreeqc\phreeqcpp\phreeqc</Filter>
    </ClCompile>
    <ClCompile Include="IPhreeqc\phreeqcpp\phreeqc\cl1mp.cpp">
      <Filter>Source Files\IPhreeqc\phreeqcpp\phreeqc</Filter>
    </ClCompile>
    <ClCompile Include="IPhreeqc\phreeqcpp\phreeqc\cvdense.cpp">
      <Filter>Source Files\IPhreeqc\phreeqcpp\phreeqc</Filter>
    </ClCompile>
    <ClCompile Include="IPhreeqc\phreeqcpp\phreeqc\cvode.cpp">
      <Filter>Source Files\IPhreeqc\phreeqcpp\phreeqc</Filter>
    </ClCompile>
    <ClCompile Include="IPhreeqc\phreeqcpp\phreeqc\dense.cpp">
      <Filter>Source Files\IPhreeqc\phreeqcpp\phreeqc</Filter>
    </ClCompile>
    <ClCompile Include="IPhreeqc\phreeqcpp\phreeqc\dw.cpp">
      <Filter>Source Files\IPhreeqc\phreeqcpp\phreeqc</Filter>
    </ClCompile>
    <ClCompile Include="IPhreeqc\phreeqcpp\phreeqc\gases.cpp">
      <Filter>Source Files\IPhreeqc\phreeqcpp\phreeqc</Filter>
    </ClCompile>
    <ClCompile Include="IPhreeqc\phreeqcpp\phreeqc\input.cpp">
      <Filter>Source Files\IPhreeqc\phreeqcpp\phreeqc</Filter>
    </ClCompile>
    <ClCompile Include="IPhreeqc\phreeqcpp\phreeqc\integrate.cpp">
      <Filter>Source Files\IPhreeqc\phreeqcpp\phreeqc</Filter>
    </ClCompile>
    <ClCompile Include="IPhreeqc\phreeqcpp\phreeqc\inverse.cpp">
      <Filter>Source Files\IPhreeqc\phreeqcpp\phreeqc</Filter>
    </ClCompile>
    <ClCompile Include="IPhreeqc\phreeqcpp\phreeqc\isotopes.cpp">
      <Filter>Source Files\IPhreeqc\phreeqcpp\phreeqc</Filter>
    </ClCompile>
    <ClCompile Include="IPhreeqc\phreeqcpp\phreeqc\kinetics.cpp">
      <Filter>Source Files\IPhreeqc\phreeqcpp\phreeqc</Filter>
    </ClCompile>
    <ClCompile Include="IPhreeqc\phreeqcpp\phreeqc\mainsubs.cpp">
      <Filter>Source Files\IPhreeqc\phreeqcpp\phreeqc</Filter>
    </ClCompile>
    <ClCompile Include="IPhreeqc\phreeqcpp\phreeqc\model.cpp">
      <Filter>Source Files\IPhreeqc\phreeqcpp\phreeqc</Filter>
    </ClCompile>
    <ClCompile Include="IPhreeqc\phreeqcpp\phreeqc\nvector.cpp">
      <Filter>Source Files\IPhreeqc\phreeqcpp\phreeqc</Filter>
    </ClCompile>
    <ClCompile Include="IPhreeqc\phreeqcpp\phreeqc\nvector_serial.cpp">
      <Filter>Source Files\IPhreeqc\phreeqcpp\phreeqc</Filter>
    </ClCompile>
    <ClCompile Include="IPhreeqc\phreeqcpp\phreeqc\parse.cpp">
      <Filter>Source Files\IPhreeqc\phreeqcpp\phreeqc</Filter>
    </ClCompile>
    <ClCompile Include="IPhreeqc\phreeqcpp\phreeqc\phqalloc.cpp">
      <Filter>Source Files\IPhreeqc\phreeqcpp\phreeqc</Filter>
    </ClCompile>
    <ClCompile Include="IPhreeqc\phreeqcpp\phreeqc\PHRQ_io_output.cpp">
      <Filter>Source Files\IPhreeqc\phreeqcpp\phreeqc</Filter>
    </ClCompile>
    <ClCompile Include="IPhreeqc\phreeqcpp\phreeqc\pitzer.cpp">
      <Filter>Source Files\IPhreeqc\phreeqcpp\phreeqc</Filter>
    </ClCompile>
    <ClCompile Include="IPhreeqc\phreeqcpp\phreeqc\pitzer_structures.cpp">
      <Filter>Source Files\IPhreeqc\phreeqcpp\phreeqc</Filter>
    </ClCompile>
    <ClCompile Include="IPhreeqc\phreeqcpp\phreeqc\prep.cpp">
      <Filter>Source Files\IPhreeqc\phreeqcpp\phreeqc</Filter>
    </ClCompile>
    <ClCompile Include="IPhreeqc\phreeqcpp\phreeqc\print.cpp">
      <Filter>Source Files\IPhreeqc\phreeqcpp\phreeqc</Filter>
    </ClCompile>
    <ClCompile Include="IPhreeqc\phreeqcpp\phreeqc\read.cpp">
      <Filter>Source Files\IPhreeqc\phreeqcpp\phreeqc</Filter>
    </ClCompile>
    <ClCompile Include="IPhreeqc\phreeqcpp\phreeqc\readtr.cpp">
      <Filter>Source Files\IPhreeqc\phreeqcpp\phreeqc</Filter>
    </ClCompile>
    <ClCompile Include="IPhreeqc\phreeqcpp\phreeqc\sit.cpp">
      <Filter>Source Files\IPhreeqc\phreeqcpp\phreeqc</Filter>
    </ClCompile>
    <ClCompile Include="IPhreeqc\phreeqcpp\phreeqc\smalldense.cpp">
      <Filter>Source Files\IPhreeqc\phreeqcpp\phreeqc</Filter>
    </ClCompile>
    <ClCompile Include="IPhreeqc\phreeqcpp\phreeqc\spread.cpp">
      <Filter>Source Files\IPhreeqc\phreeqcpp\phreeqc</Filter>
    </ClCompile>
    <ClCompile Include="IPhreeqc\phreeqcpp\phreeqc\step.cpp">
      <Filter>Source Files\IPhreeqc\phreeqcpp\phreeqc</Filter>
    </ClCompile>
    <ClCompile Include="IPhreeqc\phreeqcpp\phreeqc\structures.cpp">
      <Filter>Source Files\IPhreeqc\phreeqcpp\phreeqc</Filter>
    </ClCompile>
    <ClCompile Include="IPhreeqc\phreeqcpp\phreeqc\sundialsmath.cpp">
      <Filter>Source Files\IPhreeqc\phreeqcpp\phreeqc</Filter>
    </ClCompile>
    <ClCompile Include="IPhreeqc\phreeqcpp\phreeqc\tally.cpp">
      <Filter>Source Files\IPhreeqc\phreeqcpp\phreeqc</Filter>
    </ClCompile>
    <ClCompile Include="IPhreeqc\phreeqcpp\phreeqc\tidy.cpp">
      <Filter>Source Files\IPhreeqc\phreeqcpp\phreeqc</Filter>
    </ClCompile>
    <ClCompile Include="IPhreeqc\phreeqcpp\phreeqc\transport.cpp">
      <Filter>Source Files\IPhreeqc\phreeqcpp\phreeqc</Filter>
    </ClCompile>
    <ClCompile Include="IPhreeqc\phreeqcpp\phreeqc\utilities.cpp">
      <Filter>Source Files\IPhreeqc\phreeqcpp\phreeqc</Filter>
    </ClCompile>
    <ClCompile Include="IPhreeqcCOM_i.c">
      <Filter>Generated Files</Filter>
    </ClCompile>
  </ItemGroup>
  <ItemGroup>
    <None Include="IPhreeqcCOM.def">
      <Filter>Source Files</Filter>
    </None>
    <None Include="COM.rgs">
      <Filter>Resource Files</Filter>
    </None>
    <None Include="IPhreeqcCOM.rgs">
      <Filter>Resource Files</Filter>
    </None>
    <None Include="Version.rc2">
      <Filter>Resource Files</Filter>
    </None>
    <None Include="ReadMe.txt" />
    <None Include="..\help\html\mthAccumulateLine.htm">
      <Filter>Html</Filter>
    </None>
    <None Include="..\help\html\mthClearAccumulatedLines.htm">
      <Filter>Html</Filter>
    </None>
    <None Include="..\help\html\mthGetComponentList.htm">
      <Filter>Html</Filter>
    </None>
    <None Include="..\help\html\mthGetDumpString.htm">
      <Filter>Html</Filter>
    </None>
    <None Include="..\help\html\mthGetErrorString.htm">
      <Filter>Html</Filter>
    </None>
    <None Include="..\help\html\mthGetSelectedOutputArray.htm">
      <Filter>Html</Filter>
    </None>
    <None Include="..\help\html\mthGetSelectedOutputColumnCount.htm">
      <Filter>Html</Filter>
    </None>
    <None Include="..\help\html\mthGetSelectedOutputRowCount.htm">
      <Filter>Html</Filter>
    </None>
    <None Include="..\help\html\mthGetSelectedOutputValue.htm">
      <Filter>Html</Filter>
    </None>
    <None Include="..\help\html\mthGetWarningString.htm">
      <Filter>Html</Filter>
    </None>
    <None Include="..\help\html\mthLoadDatabase.htm">
      <Filter>Html</Filter>
    </None>
    <None Include="..\help\html\mthLoadDatabaseString.htm">
      <Filter>Html</Filter>
    </None>
    <None Include="..\help\html\mthRunAccumulated.htm">
      <Filter>Html</Filter>
    </None>
    <None Include="..\help\html\mthRunFile.htm">
      <Filter>Html</Filter>
    </None>
    <None Include="..\help\html\mthRunString.htm">
      <Filter>Html</Filter>
    </None>
    <None Include="..\help\html\objIPhreeqc.htm">
      <Filter>Html</Filter>
    </None>
    <None Include="..\help\html\proColumnCount.htm">
      <Filter>Html</Filter>
    </None>
    <None Include="..\help\html\proDumpFileOn.htm">
      <Filter>Html</Filter>
    </None>
    <None Include="..\help\html\proDumpStringOn.htm">
      <Filter>Html</Filter>
    </None>
    <None Include="..\help\html\proErrorFileOn.htm">
      <Filter>Html</Filter>
    </None>
    <None Include="..\help\html\proLines.htm">
      <Filter>Html</Filter>
    </None>
    <None Include="..\help\html\proLogFileOn.htm">
      <Filter>Html</Filter>
    </None>
    <None Include="..\help\html\proOutputFileOn.htm">
      <Filter>Html</Filter>
    </None>
    <None Include="..\help\html\proRowCount.htm">
      <Filter>Html</Filter>
    </None>
    <None Include="..\help\html\proSelectedOutputFileOn.htm">
      <Filter>Html</Filter>
    </None>
    <None Include="..\help\html\proDumpFileName.htm">
      <Filter>Html</Filter>
    </None>
    <None Include="..\help\html\proId.htm">
      <Filter>Html</Filter>
    </None>
    <None Include="examples\AccumulateLine.js">
      <Filter>Examples</Filter>
    </None>
    <None Include="examples\ClearAccumulatedLines.js">
      <Filter>Examples</Filter>
    </None>
    <None Include="examples\ColumnCount.js">
      <Filter>Examples</Filter>
    </None>
    <None Include="examples\DumpFileOn.js">
      <Filter>Examples</Filter>
    </None>
    <None Include="examples\DumpStringOn.js">
      <Filter>Examples</Filter>
    </None>
    <None Include="examples\ErrorFileOn.js">
      <Filter>Examples</Filter>
    </None>
    <None Include="examples\GetComponentList.js">
      <Filter>Examples</Filter>
    </None>
    <None Include="examples\GetDumpString.js">
      <Filter>Examples</Filter>
    </None>
    <None Include="examples\GetErrorString.js">
      <Filter>Examples</Filter>
    </None>
    <None Include="examples\GetSelectedOutputArray.js">
      <Filter>Examples</Filter>
    </None>
    <None Include="examples\GetSelectedOutputValue.js">
      <Filter>Examples</Filter>
    </None>
    <None Include="examples\GetWarningString.js">
      <Filter>Examples</Filter>
    </None>
    <None Include="examples\Id.js">
      <Filter>Examples</Filter>
    </None>
    <None Include="examples\iphreeqc.js">
      <Filter>Examples</Filter>
    </None>
    <None Include="examples\Lines.js">
      <Filter>Examples</Filter>
    </None>
    <None Include="examples\LoadDatabase.js">
      <Filter>Examples</Filter>
    </None>
    <None Include="examples\LoadDatabaseString.js">
      <Filter>Examples</Filter>
    </None>
    <None Include="examples\LogFileOn.js">
      <Filter>Examples</Filter>
    </None>
    <None Include="examples\OutputFileOn.js">
      <Filter>Examples</Filter>
    </None>
    <None Include="examples\RowCount.js">
      <Filter>Examples</Filter>
    </None>
    <None Include="examples\RunAccumulated.js">
      <Filter>Examples</Filter>
    </None>
    <None Include="examples\RunFile.js">
      <Filter>Examples</Filter>
    </None>
    <None Include="examples\RunString.js">
      <Filter>Examples</Filter>
    </None>
    <None Include="examples\SelectedOutputFileOn.js">
      <Filter>Examples</Filter>
    </None>
    <None Include="examples\AccumulateLine.vbs">
      <Filter>Examples</Filter>
    </None>
    <None Include="examples\ClearAccumulatedLines.vbs">
      <Filter>Examples</Filter>
    </None>
    <None Include="examples\ColumnCount.vbs">
      <Filter>Examples</Filter>
    </None>
    <None Include="examples\DumpFileOn.vbs">
      <Filter>Examples</Filter>
    </None>
    <None Include="examples\DumpStringOn.vbs">
      <Filter>Examples</Filter>
    </None>
    <None Include="examples\ErrorFileOn.vbs">
      <Filter>Examples</Filter>
    </None>
    <None Include="examples\GetComponentList.vbs">
      <Filter>Examples</Filter>
    </None>
    <None Include="examples\GetDumpString.vbs">
      <Filter>Examples</Filter>
    </None>
    <None Include="examples\GetErrorString.vbs">
      <Filter>Examples</Filter>
    </None>
    <None Include="examples\GetSelectedOutputArray.vbs">
      <Filter>Examples</Filter>
    </None>
    <None Include="examples\GetSelectedOutputValue.vbs">
      <Filter>Examples</Filter>
    </None>
    <None Include="examples\GetWarningString.vbs">
      <Filter>Examples</Filter>
    </None>
    <None Include="examples\Id.vbs">
      <Filter>Examples</Filter>
    </None>
    <None Include="examples\iphreeqc.vbs">
      <Filter>Examples</Filter>
    </None>
    <None Include="examples\Lines.vbs">
      <Filter>Examples</Filter>
    </None>
    <None Include="examples\LoadDatabase.vbs">
      <Filter>Examples</Filter>
    </None>
    <None Include="examples\LoadDatabaseString.vbs">
      <Filter>Examples</Filter>
    </None>
    <None Include="examples\LogFileOn.vbs">
      <Filter>Examples</Filter>
    </None>
    <None Include="examples\MultipleInstances.vbs">
      <Filter>Examples</Filter>
    </None>
    <None Include="examples\OutputFileOn.vbs">
      <Filter>Examples</Filter>
    </None>
    <None Include="examples\RowCount.vbs">
      <Filter>Examples</Filter>
    </None>
    <None Include="examples\RunAccumulated.vbs">
      <Filter>Examples</Filter>
    </None>
    <None Include="examples\RunFile.vbs">
      <Filter>Examples</Filter>
    </None>
    <None Include="examples\RunString.vbs">
      <Filter>Examples</Filter>
    </None>
    <None Include="examples\SelectedOutputFileOn.vbs">
      <Filter>Examples</Filter>
    </None>
    <None Include="..\help\links\mthAccumulateLine_l.htm">
      <Filter>Links</Filter>
    </None>
    <None Include="..\help\links\mthClearAccumulatedLines_l.htm">
      <Filter>Links</Filter>
    </None>
    <None Include="..\help\links\mthGetComponentList_l.htm">
      <Filter>Links</Filter>
    </None>
    <None Include="..\help\links\mthGetDumpString_l.htm">
      <Filter>Links</Filter>
    </None>
    <None Include="..\help\links\mthGetErrorString_l.htm">
      <Filter>Links</Filter>
    </None>
    <None Include="..\help\links\mthGetSelectedOutputArray_l.htm">
      <Filter>Links</Filter>
    </None>
    <None Include="..\help\links\mthGetSelectedOutputValue_l.htm">
      <Filter>Links</Filter>
    </None>
    <None Include="..\help\links\mthGetWarningString_l.htm">
      <Filter>Links</Filter>
    </None>
    <None Include="..\help\links\mthLoadDatabase_l.htm">
      <Filter>Links</Filter>
    </None>
    <None Include="..\help\links\mthLoadDatabaseString_l.htm">
      <Filter>Links</Filter>
    </None>
    <None Include="..\help\links\mthRunAccumulated_l.htm">
      <Filter>Links</Filter>
    </None>
    <None Include="..\help\links\mthRunFile_l.htm">
      <Filter>Links</Filter>
    </None>
    <None Include="..\help\links\mthRunString_l.htm">
      <Filter>Links</Filter>
    </None>
    <None Include="..\help\links\objIPhreeqc_l.htm">
      <Filter>Links</Filter>
    </None>
    <None Include="..\help\links\proColumnCount_l.htm">
      <Filter>Links</Filter>
    </None>
    <None Include="..\help\links\proDumpFileOn_l.htm">
      <Filter>Links</Filter>
    </None>
    <None Include="..\help\links\proDumpStringOn_l.htm">
      <Filter>Links</Filter>
    </None>
    <None Include="..\help\links\proErrorFileOn_l.htm">
      <Filter>Links</Filter>
    </None>
    <None Include="..\help\links\proLines_l.htm">
      <Filter>Links</Filter>
    </None>
    <None Include="..\help\links\proLogFileOn_l.htm">
      <Filter>Links</Filter>
    </None>
    <None Include="..\help\links\proOutputFileOn_l.htm">
      <Filter>Links</Filter>
    </None>
    <None Include="..\help\links\proRowCount_l.htm">
      <Filter>Links</Filter>
    </None>
    <None Include="..\help\links\proSelectedOutputFileOn_l.htm">
      <Filter>Links</Filter>
    </None>
    <None Include="..\help\html\proErrorFileName.htm">
      <Filter>Html</Filter>
    </None>
    <None Include="examples\ErrorFileName.vbs">
      <Filter>Examples</Filter>
    </None>
    <None Include="..\help\html\proErrorStringOn.htm">
      <Filter>Html</Filter>
    </None>
    <None Include="examples\ErrorStringOn.js">
      <Filter>Examples</Filter>
    </None>
    <None Include="examples\ErrorStringOn.vbs">
      <Filter>Examples</Filter>
    </None>
    <None Include="..\help\html\mthGetOutputString.htm">
      <Filter>Html</Filter>
    </None>
    <None Include="examples\GetOutputString.js">
      <Filter>Examples</Filter>
    </None>
    <None Include="examples\GetOutputString.vbs">
      <Filter>Examples</Filter>
    </None>
  </ItemGroup>
  <ItemGroup>
    <Midl Include="IPhreeqcCOM.idl">
      <Filter>Source Files</Filter>
    </Midl>
  </ItemGroup>
  <ItemGroup>
    <ClInclude Include="COM.h">
      <Filter>Header Files</Filter>
    </ClInclude>
    <ClInclude Include="Resource.h">
      <Filter>Header Files</Filter>
    </ClInclude>
    <ClInclude Include="stdafx.h">
      <Filter>Header Files</Filter>
    </ClInclude>
    <ClInclude Include="IPhreeqcCOM.h">
      <Filter>Generated Files</Filter>
    </ClInclude>
  </ItemGroup>
  <ItemGroup>
    <ResourceCompile Include="IPhreeqcCOM.rc">
      <Filter>Resource Files</Filter>
    </ResourceCompile>
  </ItemGroup>
</Project>